
Microsoft Visual Studio Solution File, Format Version 12.00
# Visual Studio Version 17
VisualStudioVersion = 17.2.32616.157
MinimumVisualStudioVersion = 10.0.40219.1
Project("{FAE04EC0-301F-11D3-BF4B-00C04F79EFBC}") = "XFwithAuth0.Android", "XFwithAuth0\XFwithAuth0.Android\XFwithAuth0.Android.csproj", "{58F09176-13B7-49CB-A889-F20DAAD3811C}"
EndProject
Project("{FAE04EC0-301F-11D3-BF4B-00C04F79EFBC}") = "XFwithAuth0.iOS", "XFwithAuth0\XFwithAuth0.iOS\XFwithAuth0.iOS.csproj", "{95D3AACC-3205-4A2F-B37E-5193F1041970}"
EndProject
Project("{9A19103F-16F7-4668-BE54-9A1E7A4F7556}") = "XFwithAuth0", "XFwithAuth0\XFwithAuth0\XFwithAuth0.csproj", "{C8EC5BEF-13DC-43A2-B8DA-38131F095709}"
EndProject
Project("{FAE04EC0-301F-11D3-BF4B-00C04F79EFBC}") = "XFwithRealm.Android", "XFwithRealm\XFwithRealm.Android\XFwithRealm.Android.csproj", "{A9FCC532-DD20-4907-B422-0B1B96C0955C}"
EndProject
Project("{FAE04EC0-301F-11D3-BF4B-00C04F79EFBC}") = "XFwithRealm.iOS", "XFwithRealm\XFwithRealm.iOS\XFwithRealm.iOS.csproj", "{BFBA8F0C-147B-4E46-9539-532875ED04DE}"
EndProject
Project("{FAE04EC0-301F-11D3-BF4B-00C04F79EFBC}") = "XFwithRealm", "XFwithRealm\XFwithRealm\XFwithRealm.csproj", "{2B84F1B5-700F-4682-8B5C-DB024B1A1421}"
EndProject
Global
	GlobalSection(SolutionConfigurationPlatforms) = preSolution
		Debug|Any CPU = Debug|Any CPU
		Debug|iPhone = Debug|iPhone
		Debug|iPhoneSimulator = Debug|iPhoneSimulator
		Release|Any CPU = Release|Any CPU
		Release|iPhone = Release|iPhone
		Release|iPhoneSimulator = Release|iPhoneSimulator
	EndGlobalSection
	GlobalSection(ProjectConfigurationPlatforms) = postSolution
		{58F09176-13B7-49CB-A889-F20DAAD3811C}.Debug|Any CPU.ActiveCfg = Debug|Any CPU
		{58F09176-13B7-49CB-A889-F20DAAD3811C}.Debug|Any CPU.Build.0 = Debug|Any CPU
		{58F09176-13B7-49CB-A889-F20DAAD3811C}.Debug|Any CPU.Deploy.0 = Debug|Any CPU
		{58F09176-13B7-49CB-A889-F20DAAD3811C}.Debug|iPhone.ActiveCfg = Debug|Any CPU
		{58F09176-13B7-49CB-A889-F20DAAD3811C}.Debug|iPhone.Build.0 = Debug|Any CPU
		{58F09176-13B7-49CB-A889-F20DAAD3811C}.Debug|iPhone.Deploy.0 = Debug|Any CPU
		{58F09176-13B7-49CB-A889-F20DAAD3811C}.Debug|iPhoneSimulator.ActiveCfg = Debug|Any CPU
		{58F09176-13B7-49CB-A889-F20DAAD3811C}.Debug|iPhoneSimulator.Build.0 = Debug|Any CPU
		{58F09176-13B7-49CB-A889-F20DAAD3811C}.Debug|iPhoneSimulator.Deploy.0 = Debug|Any CPU
		{58F09176-13B7-49CB-A889-F20DAAD3811C}.Release|Any CPU.ActiveCfg = Release|Any CPU
		{58F09176-13B7-49CB-A889-F20DAAD3811C}.Release|Any CPU.Build.0 = Release|Any CPU
		{58F09176-13B7-49CB-A889-F20DAAD3811C}.Release|Any CPU.Deploy.0 = Release|Any CPU
		{58F09176-13B7-49CB-A889-F20DAAD3811C}.Release|iPhone.ActiveCfg = Release|Any CPU
		{58F09176-13B7-49CB-A889-F20DAAD3811C}.Release|iPhone.Build.0 = Release|Any CPU
		{58F09176-13B7-49CB-A889-F20DAAD3811C}.Release|iPhone.Deploy.0 = Release|Any CPU
		{58F09176-13B7-49CB-A889-F20DAAD3811C}.Release|iPhoneSimulator.ActiveCfg = Release|Any CPU
		{58F09176-13B7-49CB-A889-F20DAAD3811C}.Release|iPhoneSimulator.Build.0 = Release|Any CPU
		{58F09176-13B7-49CB-A889-F20DAAD3811C}.Release|iPhoneSimulator.Deploy.0 = Release|Any CPU
		{95D3AACC-3205-4A2F-B37E-5193F1041970}.Debug|Any CPU.ActiveCfg = Debug|iPhoneSimulator
		{95D3AACC-3205-4A2F-B37E-5193F1041970}.Debug|Any CPU.Build.0 = Debug|iPhoneSimulator
		{95D3AACC-3205-4A2F-B37E-5193F1041970}.Debug|iPhone.ActiveCfg = Debug|iPhone
		{95D3AACC-3205-4A2F-B37E-5193F1041970}.Debug|iPhone.Build.0 = Debug|iPhone
		{95D3AACC-3205-4A2F-B37E-5193F1041970}.Debug|iPhoneSimulator.ActiveCfg = Debug|iPhoneSimulator
		{95D3AACC-3205-4A2F-B37E-5193F1041970}.Debug|iPhoneSimulator.Build.0 = Debug|iPhoneSimulator
		{95D3AACC-3205-4A2F-B37E-5193F1041970}.Release|Any CPU.ActiveCfg = Release|iPhoneSimulator
		{95D3AACC-3205-4A2F-B37E-5193F1041970}.Release|Any CPU.Build.0 = Release|iPhoneSimulator
		{95D3AACC-3205-4A2F-B37E-5193F1041970}.Release|iPhone.ActiveCfg = Release|iPhone
		{95D3AACC-3205-4A2F-B37E-5193F1041970}.Release|iPhone.Build.0 = Release|iPhone
		{95D3AACC-3205-4A2F-B37E-5193F1041970}.Release|iPhoneSimulator.ActiveCfg = Release|iPhoneSimulator
		{95D3AACC-3205-4A2F-B37E-5193F1041970}.Release|iPhoneSimulator.Build.0 = Release|iPhoneSimulator
		{C8EC5BEF-13DC-43A2-B8DA-38131F095709}.Debug|Any CPU.ActiveCfg = Debug|Any CPU
		{C8EC5BEF-13DC-43A2-B8DA-38131F095709}.Debug|Any CPU.Build.0 = Debug|Any CPU
		{C8EC5BEF-13DC-43A2-B8DA-38131F095709}.Debug|iPhone.ActiveCfg = Debug|Any CPU
		{C8EC5BEF-13DC-43A2-B8DA-38131F095709}.Debug|iPhone.Build.0 = Debug|Any CPU
		{C8EC5BEF-13DC-43A2-B8DA-38131F095709}.Debug|iPhoneSimulator.ActiveCfg = Debug|Any CPU
		{C8EC5BEF-13DC-43A2-B8DA-38131F095709}.Debug|iPhoneSimulator.Build.0 = Debug|Any CPU
		{C8EC5BEF-13DC-43A2-B8DA-38131F095709}.Release|Any CPU.ActiveCfg = Release|Any CPU
		{C8EC5BEF-13DC-43A2-B8DA-38131F095709}.Release|Any CPU.Build.0 = Release|Any CPU
		{C8EC5BEF-13DC-43A2-B8DA-38131F095709}.Release|iPhone.ActiveCfg = Release|Any CPU
		{C8EC5BEF-13DC-43A2-B8DA-38131F095709}.Release|iPhone.Build.0 = Release|Any CPU
		{C8EC5BEF-13DC-43A2-B8DA-38131F095709}.Release|iPhoneSimulator.ActiveCfg = Release|Any CPU
		{C8EC5BEF-13DC-43A2-B8DA-38131F095709}.Release|iPhoneSimulator.Build.0 = Release|Any CPU
		{A9FCC532-DD20-4907-B422-0B1B96C0955C}.Debug|Any CPU.ActiveCfg = Debug|Any CPU
		{A9FCC532-DD20-4907-B422-0B1B96C0955C}.Debug|Any CPU.Build.0 = Debug|Any CPU
		{A9FCC532-DD20-4907-B422-0B1B96C0955C}.Debug|Any CPU.Deploy.0 = Debug|Any CPU
		{A9FCC532-DD20-4907-B422-0B1B96C0955C}.Debug|iPhone.ActiveCfg = Debug|Any CPU
		{A9FCC532-DD20-4907-B422-0B1B96C0955C}.Debug|iPhone.Build.0 = Debug|Any CPU
		{A9FCC532-DD20-4907-B422-0B1B96C0955C}.Debug|iPhone.Deploy.0 = Debug|Any CPU
		{A9FCC532-DD20-4907-B422-0B1B96C0955C}.Debug|iPhoneSimulator.ActiveCfg = Debug|Any CPU
		{A9FCC532-DD20-4907-B422-0B1B96C0955C}.Debug|iPhoneSimulator.Build.0 = Debug|Any CPU
		{A9FCC532-DD20-4907-B422-0B1B96C0955C}.Debug|iPhoneSimulator.Deploy.0 = Debug|Any CPU
		{A9FCC532-DD20-4907-B422-0B1B96C0955C}.Release|Any CPU.ActiveCfg = Release|Any CPU
		{A9FCC532-DD20-4907-B422-0B1B96C0955C}.Release|Any CPU.Build.0 = Release|Any CPU
		{A9FCC532-DD20-4907-B422-0B1B96C0955C}.Release|Any CPU.Deploy.0 = Release|Any CPU
		{A9FCC532-DD20-4907-B422-0B1B96C0955C}.Release|iPhone.ActiveCfg = Release|Any CPU
		{A9FCC532-DD20-4907-B422-0B1B96C0955C}.Release|iPhone.Build.0 = Release|Any CPU
		{A9FCC532-DD20-4907-B422-0B1B96C0955C}.Release|iPhone.Deploy.0 = Release|Any CPU
		{A9FCC532-DD20-4907-B422-0B1B96C0955C}.Release|iPhoneSimulator.ActiveCfg = Release|Any CPU
		{A9FCC532-DD20-4907-B422-0B1B96C0955C}.Release|iPhoneSimulator.Build.0 = Release|Any CPU
		{A9FCC532-DD20-4907-B422-0B1B96C0955C}.Release|iPhoneSimulator.Deploy.0 = Release|Any CPU
		{BFBA8F0C-147B-4E46-9539-532875ED04DE}.Debug|Any CPU.ActiveCfg = Debug|iPhoneSimulator
		{BFBA8F0C-147B-4E46-9539-532875ED04DE}.Debug|Any CPU.Build.0 = Debug|iPhoneSimulator
		{BFBA8F0C-147B-4E46-9539-532875ED04DE}.Debug|iPhone.ActiveCfg = Debug|iPhone
		{BFBA8F0C-147B-4E46-9539-532875ED04DE}.Debug|iPhone.Build.0 = Debug|iPhone
		{BFBA8F0C-147B-4E46-9539-532875ED04DE}.Debug|iPhoneSimulator.ActiveCfg = Debug|iPhoneSimulator
		{BFBA8F0C-147B-4E46-9539-532875ED04DE}.Debug|iPhoneSimulator.Build.0 = Debug|iPhoneSimulator
		{BFBA8F0C-147B-4E46-9539-532875ED04DE}.Release|Any CPU.ActiveCfg = Release|iPhoneSimulator
		{BFBA8F0C-147B-4E46-9539-532875ED04DE}.Release|Any CPU.Build.0 = Release|iPhoneSimulator
		{BFBA8F0C-147B-4E46-9539-532875ED04DE}.Release|iPhone.ActiveCfg = Release|iPhone
		{BFBA8F0C-147B-4E46-9539-532875ED04DE}.Release|iPhone.Build.0 = Release|iPhone
		{BFBA8F0C-147B-4E46-9539-532875ED04DE}.Release|iPhoneSimulator.ActiveCfg = Release|iPhoneSimulator
		{BFBA8F0C-147B-4E46-9539-532875ED04DE}.Release|iPhoneSimulator.Build.0 = Release|iPhoneSimulator
		{2B84F1B5-700F-4682-8B5C-DB024B1A1421}.Debug|Any CPU.ActiveCfg = Debug|Any CPU
		{2B84F1B5-700F-4682-8B5C-DB024B1A1421}.Debug|Any CPU.Build.0 = Debug|Any CPU
		{2B84F1B5-700F-4682-8B5C-DB024B1A1421}.Debug|iPhone.ActiveCfg = Debug|Any CPU
		{2B84F1B5-700F-4682-8B5C-DB024B1A1421}.Debug|iPhone.Build.0 = Debug|Any CPU
		{2B84F1B5-700F-4682-8B5C-DB024B1A1421}.Debug|iPhoneSimulator.ActiveCfg = Debug|Any CPU
		{2B84F1B5-700F-4682-8B5C-DB024B1A1421}.Debug|iPhoneSimulator.Build.0 = Debug|Any CPU
		{2B84F1B5-700F-4682-8B5C-DB024B1A1421}.Release|Any CPU.ActiveCfg = Release|Any CPU
		{2B84F1B5-700F-4682-8B5C-DB024B1A1421}.Release|Any CPU.Build.0 = Release|Any CPU
		{2B84F1B5-700F-4682-8B5C-DB024B1A1421}.Release|iPhone.ActiveCfg = Release|Any CPU
		{2B84F1B5-700F-4682-8B5C-DB024B1A1421}.Release|iPhone.Build.0 = Release|Any CPU
		{2B84F1B5-700F-4682-8B5C-DB024B1A1421}.Release|iPhoneSimulator.ActiveCfg = Release|Any CPU
		{2B84F1B5-700F-4682-8B5C-DB024B1A1421}.Release|iPhoneSimulator.Build.0 = Release|Any CPU
	EndGlobalSection
	GlobalSection(SolutionProperties) = preSolution
		HideSolutionNode = FALSE
	EndGlobalSection
	GlobalSection(ExtensibilityGlobals) = postSolution
		SolutionGuid = {C89C7B48-7651-497A-8771-0810DEFE91F5}
	EndGlobalSection
EndGlobal
